
Microsoft Visual Studio Solution File, Format Version 9.00
# Visual Studio 2005
Project("{F184B08F-C81C-45F6-A57F-5ABD9991F28F}") = "NufarmBussinesRules", "NufarmBussinesRules\NufarmBussinesRules.vbproj", "{701401FC-72AA-4FCA-AFFD-CBA3C9AB0CE5}"
EndProject
Project("{FAE04EC0-301F-11D3-BF4B-00C04F79EFBC}") = "NuFarm.Common", "..\..\NuFarm.DPRD\NuFarm.Common\NuFarm.Common.csproj", "{A6078795-F76E-464D-B60F-DFA70B9BDE7A}"
EndProject
Project("{FAE04EC0-301F-11D3-BF4B-00C04F79EFBC}") = "NuFarm.DataAccess", "..\..\NuFarm.DPRD\NuFarm.DataAccess\NuFarm.DataAccess.csproj", "{B22FF1F4-C4BC-4022-AE18-BD779F7EF186}"
EndProject
Project("{F184B08F-C81C-45F6-A57F-5ABD9991F28F}") = "NufarmDataAccesLayer", "NufarmDataAccesLayer\NufarmDataAccesLayer.vbproj", "{8E34CB2A-77C7-4F2E-94AF-7566A5D16F87}"
EndProject
Project("{FAE04EC0-301F-11D3-BF4B-00C04F79EFBC}") = "Domain", "Domain\Domain.csproj", "{EE1384A3-0AF9-4F3E-9641-70028CC6D2EE}"
EndProject
Project("{F184B08F-C81C-45F6-A57F-5ABD9991F28F}") = "DTSProjects", "DTSProjects\DTSProjects.vbproj", "{2E3D8EE2-1D45-44AC-AABD-E3E5589D15B3}"
EndProject
Global
	GlobalSection(SolutionConfigurationPlatforms) = preSolution
		Debug|.NET = Debug|.NET
		Debug|Any CPU = Debug|Any CPU
		Debug|x86 = Debug|x86
		Release|.NET = Release|.NET
		Release|Any CPU = Release|Any CPU
		Release|x86 = Release|x86
	EndGlobalSection
	GlobalSection(ProjectConfigurationPlatforms) = postSolution
		{701401FC-72AA-4FCA-AFFD-CBA3C9AB0CE5}.Debug|.NET.ActiveCfg = Debug|Any CPU
		{701401FC-72AA-4FCA-AFFD-CBA3C9AB0CE5}.Debug|.NET.Build.0 = Debug|Any CPU
		{701401FC-72AA-4FCA-AFFD-CBA3C9AB0CE5}.Debug|Any CPU.ActiveCfg = Debug|Any CPU
		{701401FC-72AA-4FCA-AFFD-CBA3C9AB0CE5}.Debug|Any CPU.Build.0 = Debug|Any CPU
		{701401FC-72AA-4FCA-AFFD-CBA3C9AB0CE5}.Debug|x86.ActiveCfg = Debug|Any CPU
		{701401FC-72AA-4FCA-AFFD-CBA3C9AB0CE5}.Debug|x86.Build.0 = Debug|Any CPU
		{701401FC-72AA-4FCA-AFFD-CBA3C9AB0CE5}.Release|.NET.ActiveCfg = Release|Any CPU
		{701401FC-72AA-4FCA-AFFD-CBA3C9AB0CE5}.Release|.NET.Build.0 = Release|Any CPU
		{701401FC-72AA-4FCA-AFFD-CBA3C9AB0CE5}.Release|Any CPU.ActiveCfg = Release|Any CPU
		{701401FC-72AA-4FCA-AFFD-CBA3C9AB0CE5}.Release|Any CPU.Build.0 = Release|Any CPU
		{701401FC-72AA-4FCA-AFFD-CBA3C9AB0CE5}.Release|x86.ActiveCfg = Release|Any CPU
		{701401FC-72AA-4FCA-AFFD-CBA3C9AB0CE5}.Release|x86.Build.0 = Release|Any CPU
		{A6078795-F76E-464D-B60F-DFA70B9BDE7A}.Debug|.NET.ActiveCfg = Debug|Any CPU
		{A6078795-F76E-464D-B60F-DFA70B9BDE7A}.Debug|.NET.Build.0 = Debug|Any CPU
		{A6078795-F76E-464D-B60F-DFA70B9BDE7A}.Debug|Any CPU.ActiveCfg = Debug|Any CPU
		{A6078795-F76E-464D-B60F-DFA70B9BDE7A}.Debug|Any CPU.Build.0 = Debug|Any CPU
		{A6078795-F76E-464D-B60F-DFA70B9BDE7A}.Debug|x86.ActiveCfg = Debug|Any CPU
		{A6078795-F76E-464D-B60F-DFA70B9BDE7A}.Release|.NET.ActiveCfg = Release|Any CPU
		{A6078795-F76E-464D-B60F-DFA70B9BDE7A}.Release|.NET.Build.0 = Release|Any CPU
		{A6078795-F76E-464D-B60F-DFA70B9BDE7A}.Release|Any CPU.ActiveCfg = Release|Any CPU
		{A6078795-F76E-464D-B60F-DFA70B9BDE7A}.Release|Any CPU.Build.0 = Release|Any CPU
		{A6078795-F76E-464D-B60F-DFA70B9BDE7A}.Release|x86.ActiveCfg = Release|Any CPU
		{B22FF1F4-C4BC-4022-AE18-BD779F7EF186}.Debug|.NET.ActiveCfg = Debug|Any CPU
		{B22FF1F4-C4BC-4022-AE18-BD779F7EF186}.Debug|Any CPU.ActiveCfg = Debug|Any CPU
		{B22FF1F4-C4BC-4022-AE18-BD779F7EF186}.Debug|Any CPU.Build.0 = Debug|Any CPU
		{B22FF1F4-C4BC-4022-AE18-BD779F7EF186}.Debug|x86.ActiveCfg = Debug|Any CPU
		{B22FF1F4-C4BC-4022-AE18-BD779F7EF186}.Release|.NET.ActiveCfg = Release|Any CPU
		{B22FF1F4-C4BC-4022-AE18-BD779F7EF186}.Release|.NET.Build.0 = Release|Any CPU
		{B22FF1F4-C4BC-4022-AE18-BD779F7EF186}.Release|Any CPU.ActiveCfg = Release|Any CPU
		{B22FF1F4-C4BC-4022-AE18-BD779F7EF186}.Release|Any CPU.Build.0 = Release|Any CPU
		{B22FF1F4-C4BC-4022-AE18-BD779F7EF186}.Release|x86.ActiveCfg = Release|Any CPU
		{8E34CB2A-77C7-4F2E-94AF-7566A5D16F87}.Debug|.NET.ActiveCfg = Debug|Any CPU
		{8E34CB2A-77C7-4F2E-94AF-7566A5D16F87}.Debug|Any CPU.ActiveCfg = Debug|Any CPU
		{8E34CB2A-77C7-4F2E-94AF-7566A5D16F87}.Debug|Any CPU.Build.0 = Debug|Any CPU
		{8E34CB2A-77C7-4F2E-94AF-7566A5D16F87}.Debug|x86.ActiveCfg = Debug|Any CPU
		{8E34CB2A-77C7-4F2E-94AF-7566A5D16F87}.Release|.NET.ActiveCfg = Release|Any CPU
		{8E34CB2A-77C7-4F2E-94AF-7566A5D16F87}.Release|.NET.Build.0 = Release|Any CPU
		{8E34CB2A-77C7-4F2E-94AF-7566A5D16F87}.Release|Any CPU.ActiveCfg = Release|Any CPU
		{8E34CB2A-77C7-4F2E-94AF-7566A5D16F87}.Release|Any CPU.Build.0 = Release|Any CPU
		{8E34CB2A-77C7-4F2E-94AF-7566A5D16F87}.Release|x86.ActiveCfg = Release|Any CPU
		{EE1384A3-0AF9-4F3E-9641-70028CC6D2EE}.Debug|.NET.ActiveCfg = Debug|Any CPU
		{EE1384A3-0AF9-4F3E-9641-70028CC6D2EE}.Debug|.NET.Build.0 = Debug|Any CPU
		{EE1384A3-0AF9-4F3E-9641-70028CC6D2EE}.Debug|Any CPU.ActiveCfg = Debug|Any CPU
		{EE1384A3-0AF9-4F3E-9641-70028CC6D2EE}.Debug|Any CPU.Build.0 = Debug|Any CPU
		{EE1384A3-0AF9-4F3E-9641-70028CC6D2EE}.Debug|x86.ActiveCfg = Debug|Any CPU
		{EE1384A3-0AF9-4F3E-9641-70028CC6D2EE}.Release|.NET.ActiveCfg = Release|Any CPU
		{EE1384A3-0AF9-4F3E-9641-70028CC6D2EE}.Release|.NET.Build.0 = Release|Any CPU
		{EE1384A3-0AF9-4F3E-9641-70028CC6D2EE}.Release|Any CPU.ActiveCfg = Release|Any CPU
		{EE1384A3-0AF9-4F3E-9641-70028CC6D2EE}.Release|Any CPU.Build.0 = Release|Any CPU
		{EE1384A3-0AF9-4F3E-9641-70028CC6D2EE}.Release|x86.ActiveCfg = Release|Any CPU
		{2E3D8EE2-1D45-44AC-AABD-E3E5589D15B3}.Debug|.NET.ActiveCfg = Debug|Any CPU
		{2E3D8EE2-1D45-44AC-AABD-E3E5589D15B3}.Debug|.NET.Build.0 = Debug|Any CPU
		{2E3D8EE2-1D45-44AC-AABD-E3E5589D15B3}.Debug|Any CPU.ActiveCfg = Debug|Any CPU
		{2E3D8EE2-1D45-44AC-AABD-E3E5589D15B3}.Debug|Any CPU.Build.0 = Debug|Any CPU
		{2E3D8EE2-1D45-44AC-AABD-E3E5589D15B3}.Debug|x86.ActiveCfg = Debug|x86
		{2E3D8EE2-1D45-44AC-AABD-E3E5589D15B3}.Debug|x86.Build.0 = Debug|x86
		{2E3D8EE2-1D45-44AC-AABD-E3E5589D15B3}.Release|.NET.ActiveCfg = Release|Any CPU
		{2E3D8EE2-1D45-44AC-AABD-E3E5589D15B3}.Release|.NET.Build.0 = Release|Any CPU
		{2E3D8EE2-1D45-44AC-AABD-E3E5589D15B3}.Release|Any CPU.ActiveCfg = Release|Any CPU
		{2E3D8EE2-1D45-44AC-AABD-E3E5589D15B3}.Release|Any CPU.Build.0 = Release|Any CPU
		{2E3D8EE2-1D45-44AC-AABD-E3E5589D15B3}.Release|x86.ActiveCfg = Release|x86
		{2E3D8EE2-1D45-44AC-AABD-E3E5589D15B3}.Release|x86.Build.0 = Release|x86
	EndGlobalSection
	GlobalSection(SolutionProperties) = preSolution
		HideSolutionNode = FALSE
	EndGlobalSection
EndGlobal
